
Microsoft Visual Studio Solution File, Format Version 12.00
# Visual Studio Version 16
VisualStudioVersion = 16.0.29613.14
MinimumVisualStudioVersion = 10.0.40219.1
Project("{FAE04EC0-301F-11D3-BF4B-00C04F79EFBC}") = "AngularEFSQL", "AngularEFSQL\AngularEFSQL.csproj", "{DBC61479-CAFE-4BF6-B8C1-074BE4E10EF6}"
EndProject
Global
	GlobalSection(SolutionConfigurationPlatforms) = preSolution
		Debug|Any CPU = Debug|Any CPU
		Release|Any CPU = Release|Any CPU
	EndGlobalSection
	GlobalSection(ProjectConfigurationPlatforms) = postSolution
		{DBC61479-CAFE-4BF6-B8C1-074BE4E10EF6}.Debug|Any CPU.ActiveCfg = Debug|Any CPU
		{DBC61479-CAFE-4BF6-B8C1-074BE4E10EF6}.Debug|Any CPU.Build.0 = Debug|Any CPU
		{DBC61479-CAFE-4BF6-B8C1-074BE4E10EF6}.Release|Any CPU.ActiveCfg = Release|Any CPU
		{DBC61479-CAFE-4BF6-B8C1-074BE4E10EF6}.Release|Any CPU.Build.0 = Release|Any CPU
	EndGlobalSection
	GlobalSection(SolutionProperties) = preSolution
		HideSolutionNode = FALSE
	EndGlobalSection
	GlobalSection(ExtensibilityGlobals) = postSolution
		SolutionGuid = {4E29C3AF-87E4-43C7-A633-F0B86A6C3E65}
	EndGlobalSection
EndGlobal
